
Microsoft Visual Studio Solution File, Format Version 12.00
# Visual Studio Version 16
VisualStudioVersion = 16.0.31129.286
MinimumVisualStudioVersion = 10.0.40219.1
Project("{9A19103F-16F7-4668-BE54-9A1E7A4F7556}") = "JewelryStore", "JewelryStore\JewelryStore.csproj", "{589468E8-6363-4625-83E4-AA4277D8430B}"
EndProject
Global
	GlobalSection(SolutionConfigurationPlatforms) = preSolution
		Debug|Any CPU = Debug|Any CPU
		Release|Any CPU = Release|Any CPU
	EndGlobalSection
	GlobalSection(ProjectConfigurationPlatforms) = postSolution
		{589468E8-6363-4625-83E4-AA4277D8430B}.Debug|Any CPU.ActiveCfg = Debug|Any CPU
		{589468E8-6363-4625-83E4-AA4277D8430B}.Debug|Any CPU.Build.0 = Debug|Any CPU
		{589468E8-6363-4625-83E4-AA4277D8430B}.Release|Any CPU.ActiveCfg = Release|Any CPU
		{589468E8-6363-4625-83E4-AA4277D8430B}.Release|Any CPU.Build.0 = Release|Any CPU
	EndGlobalSection
	GlobalSection(SolutionProperties) = preSolution
		HideSolutionNode = FALSE
	EndGlobalSection
	GlobalSection(ExtensibilityGlobals) = postSolution
		SolutionGuid = {6BC9EC7C-5D0D-4C91-9362-43943C6F56F1}
	EndGlobalSection
EndGlobal
